
Microsoft Visual Studio Solution File, Format Version 12.00
# Visual Studio Version 17
VisualStudioVersion = 17.14.36408.4 d17.14
MinimumVisualStudioVersion = 10.0.40219.1
Project("{FAE04EC0-301F-11D3-BF4B-00C04F79EFBC}") = "Cyberphage", "Cyberphage.csproj", "{0D9EAA6D-5F22-4B23-B0CD-8C8E7E9D4E7F}"
EndProject
Global
	GlobalSection(SolutionConfigurationPlatforms) = preSolution
		Debug|Any CPU = Debug|Any CPU
		Release|Any CPU = Release|Any CPU
	EndGlobalSection
	GlobalSection(ProjectConfigurationPlatforms) = postSolution
		{0D9EAA6D-5F22-4B23-B0CD-8C8E7E9D4E7F}.Debug|Any CPU.ActiveCfg = Debug|Any CPU
		{0D9EAA6D-5F22-4B23-B0CD-8C8E7E9D4E7F}.Debug|Any CPU.Build.0 = Debug|Any CPU
		{0D9EAA6D-5F22-4B23-B0CD-8C8E7E9D4E7F}.Release|Any CPU.ActiveCfg = Release|Any CPU
		{0D9EAA6D-5F22-4B23-B0CD-8C8E7E9D4E7F}.Release|Any CPU.Build.0 = Release|Any CPU
	EndGlobalSection
	GlobalSection(SolutionProperties) = preSolution
		HideSolutionNode = FALSE
	EndGlobalSection
	GlobalSection(ExtensibilityGlobals) = postSolution
		SolutionGuid = {3F6A3509-86EA-4D24-902C-3B05EC23F017}
	EndGlobalSection
EndGlobal
